
Microsoft Visual Studio Solution File, Format Version 12.00
# Visual Studio Version 16
VisualStudioVersion = 16.0.31911.196
MinimumVisualStudioVersion = 10.0.40219.1
Project("{FAE04EC0-301F-11D3-BF4B-00C04F79EFBC}") = "WebAppApi", "WebAppApi\WebAppApi.csproj", "{5A387E6E-2F63-44D9-983B-DB7BF11F594E}"
EndProject
Global
	GlobalSection(SolutionConfigurationPlatforms) = preSolution
		Debug|Any CPU = Debug|Any CPU
		Release|Any CPU = Release|Any CPU
	EndGlobalSection
	GlobalSection(ProjectConfigurationPlatforms) = postSolution
		{5A387E6E-2F63-44D9-983B-DB7BF11F594E}.Debug|Any CPU.ActiveCfg = Debug|Any CPU
		{5A387E6E-2F63-44D9-983B-DB7BF11F594E}.Debug|Any CPU.Build.0 = Debug|Any CPU
		{5A387E6E-2F63-44D9-983B-DB7BF11F594E}.Release|Any CPU.ActiveCfg = Release|Any CPU
		{5A387E6E-2F63-44D9-983B-DB7BF11F594E}.Release|Any CPU.Build.0 = Release|Any CPU
	EndGlobalSection
	GlobalSection(SolutionProperties) = preSolution
		HideSolutionNode = FALSE
	EndGlobalSection
	GlobalSection(ExtensibilityGlobals) = postSolution
		SolutionGuid = {160D3A80-5E50-4240-89E0-6E86097BC249}
	EndGlobalSection
EndGlobal
